
Microsoft Visual Studio Solution File, Format Version 12.00
# Visual Studio Version 16
VisualStudioVersion = 16.0.30225.117
MinimumVisualStudioVersion = 10.0.40219.1
Project("{FAE04EC0-301F-11D3-BF4B-00C04F79EFBC}") = "Lab03-SystemIO", "Lab03-SystemIO.csproj", "{2E59B559-5DA6-49A1-AC56-CBF4E85494A9}"
EndProject
Global
	GlobalSection(SolutionConfigurationPlatforms) = preSolution
		Debug|Any CPU = Debug|Any CPU
		Release|Any CPU = Release|Any CPU
	EndGlobalSection
	GlobalSection(ProjectConfigurationPlatforms) = postSolution
		{2E59B559-5DA6-49A1-AC56-CBF4E85494A9}.Debug|Any CPU.ActiveCfg = Debug|Any CPU
		{2E59B559-5DA6-49A1-AC56-CBF4E85494A9}.Debug|Any CPU.Build.0 = Debug|Any CPU
		{2E59B559-5DA6-49A1-AC56-CBF4E85494A9}.Release|Any CPU.ActiveCfg = Release|Any CPU
		{2E59B559-5DA6-49A1-AC56-CBF4E85494A9}.Release|Any CPU.Build.0 = Release|Any CPU
	EndGlobalSection
	GlobalSection(SolutionProperties) = preSolution
		HideSolutionNode = FALSE
	EndGlobalSection
	GlobalSection(ExtensibilityGlobals) = postSolution
		SolutionGuid = {09840FB2-BF77-4463-898F-D259A1585195}
	EndGlobalSection
EndGlobal
